
Microsoft Visual Studio Solution File, Format Version 12.00
# Visual Studio Version 17
VisualStudioVersion = 17.13.35931.197 d17.13
MinimumVisualStudioVersion = 10.0.40219.1
Project("{FAE04EC0-301F-11D3-BF4B-00C04F79EFBC}") = "WorkerService", "WorkerService\WorkerService.csproj", "{312B0F9C-767E-4E20-94E6-92F3A3ED059E}"
EndProject
Project("{FAE04EC0-301F-11D3-BF4B-00C04F79EFBC}") = "CommonHelper", "CommonHelper\CommonHelper.csproj", "{BF089F94-2DEF-4D58-BE38-42A91F9FF467}"
EndProject
Global
	GlobalSection(SolutionConfigurationPlatforms) = preSolution
		Debug|Any CPU = Debug|Any CPU
		Release|Any CPU = Release|Any CPU
	EndGlobalSection
	GlobalSection(ProjectConfigurationPlatforms) = postSolution
		{312B0F9C-767E-4E20-94E6-92F3A3ED059E}.Debug|Any CPU.ActiveCfg = Debug|Any CPU
		{312B0F9C-767E-4E20-94E6-92F3A3ED059E}.Debug|Any CPU.Build.0 = Debug|Any CPU
		{312B0F9C-767E-4E20-94E6-92F3A3ED059E}.Release|Any CPU.ActiveCfg = Release|Any CPU
		{312B0F9C-767E-4E20-94E6-92F3A3ED059E}.Release|Any CPU.Build.0 = Release|Any CPU
		{BF089F94-2DEF-4D58-BE38-42A91F9FF467}.Debug|Any CPU.ActiveCfg = Debug|Any CPU
		{BF089F94-2DEF-4D58-BE38-42A91F9FF467}.Debug|Any CPU.Build.0 = Debug|Any CPU
		{BF089F94-2DEF-4D58-BE38-42A91F9FF467}.Release|Any CPU.ActiveCfg = Release|Any CPU
		{BF089F94-2DEF-4D58-BE38-42A91F9FF467}.Release|Any CPU.Build.0 = Release|Any CPU
	EndGlobalSection
	GlobalSection(SolutionProperties) = preSolution
		HideSolutionNode = FALSE
	EndGlobalSection
	GlobalSection(ExtensibilityGlobals) = postSolution
		SolutionGuid = {DFBA11F1-310D-4FC8-A43B-C774C1367940}
	EndGlobalSection
EndGlobal
